# This file is automatically @generated by Cargo.
# It is not intended for manual editing.
version = 4

[[package]]
name = "nz"
version = "0.1.0"
dependencies = [
 "nz-net",
]

[[package]]
name = "nz-gui"
version = "0.1.0"
dependencies = [
 "nz-net",
]

[[package]]
name = "nz-net"
version = "0.1.0"
